PODS:
  - agora_rtc_engine (6.3.1):
    - AgoraIrisRTC_iOS (= 4.3.1-build.1)
    - AgoraRtcEngine_iOS (= 4.3.1)
    - Flutter
  - AgoraIrisRTC_iOS (4.3.1-build.1)
  - AgoraRtcEngine_iOS (4.3.1):
    - AgoraRtcEngine_iOS/AIAEC (= 4.3.1)
    - AgoraRtcEngine_iOS/AINS (= 4.3.1)
    - AgoraRtcEngine_iOS/AudioBeauty (= 4.3.1)
    - AgoraRtcEngine_iOS/ClearVision (= 4.3.1)
    - AgoraRtcEngine_iOS/ContentInspect (= 4.3.1)
    - AgoraRtcEngine_iOS/FaceCapture (= 4.3.1)
    - AgoraRtcEngine_iOS/FaceDetection (= 4.3.1)
    - AgoraRtcEngine_iOS/LipSync (= 4.3.1)
    - AgoraRtcEngine_iOS/ReplayKit (= 4.3.1)
    - AgoraRtcEngine_iOS/RtcBasic (= 4.3.1)
    - AgoraRtcEngine_iOS/SpatialAudio (= 4.3.1)
    - AgoraRtcEngine_iOS/VideoAv1CodecDec (= 4.3.1)
    - AgoraRtcEngine_iOS/VideoAv1CodecEnc (= 4.3.1)
    - AgoraRtcEngine_iOS/VideoCodecDec (= 4.3.1)
    - AgoraRtcEngine_iOS/VideoCodecEnc (= 4.3.1)
    - AgoraRtcEngine_iOS/VirtualBackground (= 4.3.1)
    - AgoraRtcEngine_iOS/VQA (= 4.3.1)
  - AgoraRtcEngine_iOS/AIAEC (4.3.1)
  - AgoraRtcEngine_iOS/AINS (4.3.1)
  - AgoraRtcEngine_iOS/AudioBeauty (4.3.1)
  - AgoraRtcEngine_iOS/ClearVision (4.3.1)
  - AgoraRtcEngine_iOS/ContentInspect (4.3.1)
  - AgoraRtcEngine_iOS/FaceCapture (4.3.1)
  - AgoraRtcEngine_iOS/FaceDetection (4.3.1)
  - AgoraRtcEngine_iOS/LipSync (4.3.1)
  - AgoraRtcEngine_iOS/ReplayKit (4.3.1)
  - AgoraRtcEngine_iOS/RtcBasic (4.3.1)
  - AgoraRtcEngine_iOS/SpatialAudio (4.3.1)
  - AgoraRtcEngine_iOS/VideoAv1CodecDec (4.3.1)
  - AgoraRtcEngine_iOS/VideoAv1CodecEnc (4.3.1)
  - AgoraRtcEngine_iOS/VideoCodecDec (4.3.1)
  - AgoraRtcEngine_iOS/VideoCodecEnc (4.3.1)
  - AgoraRtcEngine_iOS/VirtualBackground (4.3.1)
  - AgoraRtcEngine_iOS/VQA (4.3.1)
  - audio_session (0.0.1):
    - Flutter
  - audioplayers_darwin (0.0.1):
    - Flutter
  - file_selector_ios (0.0.1):
    - Flutter
  - Flutter (1.0.0)
  - flutter_volume_controller (0.0.1):
    - Flutter
  - HydraAsync (2.0.6)
  - iris_method_channel (0.0.1):
    - Flutter
  - media_kit_libs_ios_video (1.0.4):
    - Flutter
  - media_kit_native_event_loop (1.0.0):
    - Flutter
  - media_kit_video (0.0.1):
    - Flutter
  - open_file_ios (0.0.1):
    - Flutter
  - package_info_plus (0.4.5):
    - Flutter
  - path_provider_foundation (0.0.1):
    - Flutter
    - FlutterMacOS
  - permission_handler_apple (9.3.0):
    - Flutter
  - rive_common (0.0.1):
    - Flutter
  - screen_brightness_ios (0.1.0):
    - Flutter
  - shared_preferences_foundation (0.0.1):
    - Flutter
    - FlutterMacOS
  - tencent_cloud_chat_sdk (7.0.0):
    - Flutter
    - HydraAsync
    - TXIMSDK_Plus_iOS (>= 7.9.5680)
  - TXIMSDK_Plus_iOS (8.0.5895)
  - url_launcher_ios (0.0.1):
    - Flutter
  - volume_controller (0.0.1):
    - Flutter
  - wakelock_plus (0.0.1):
    - Flutter

DEPENDENCIES:
  - agora_rtc_engine (from `.symlinks/plugins/agora_rtc_engine/ios`)
  - audio_session (from `.symlinks/plugins/audio_session/ios`)
  - audioplayers_darwin (from `.symlinks/plugins/audioplayers_darwin/ios`)
  - file_selector_ios (from `.symlinks/plugins/file_selector_ios/ios`)
  - Flutter (from `Flutter`)
  - flutter_volume_controller (from `.symlinks/plugins/flutter_volume_controller/ios`)
  - iris_method_channel (from `.symlinks/plugins/iris_method_channel/ios`)
  - media_kit_libs_ios_video (from `.symlinks/plugins/media_kit_libs_ios_video/ios`)
  - media_kit_native_event_loop (from `.symlinks/plugins/media_kit_native_event_loop/ios`)
  - media_kit_video (from `.symlinks/plugins/media_kit_video/ios`)
  - open_file_ios (from `.symlinks/plugins/open_file_ios/ios`)
  - package_info_plus (from `.symlinks/plugins/package_info_plus/ios`)
  - path_provider_foundation (from `.symlinks/plugins/path_provider_foundation/darwin`)
  - permission_handler_apple (from `.symlinks/plugins/permission_handler_apple/ios`)
  - rive_common (from `.symlinks/plugins/rive_common/ios`)
  - screen_brightness_ios (from `.symlinks/plugins/screen_brightness_ios/ios`)
  - shared_preferences_foundation (from `.symlinks/plugins/shared_preferences_foundation/darwin`)
  - tencent_cloud_chat_sdk (from `.symlinks/plugins/tencent_cloud_chat_sdk/ios`)
  - url_launcher_ios (from `.symlinks/plugins/url_launcher_ios/ios`)
  - volume_controller (from `.symlinks/plugins/volume_controller/ios`)
  - wakelock_plus (from `.symlinks/plugins/wakelock_plus/ios`)

SPEC REPOS:
  trunk:
    - AgoraIrisRTC_iOS
    - AgoraRtcEngine_iOS
    - HydraAsync
    - TXIMSDK_Plus_iOS

EXTERNAL SOURCES:
  agora_rtc_engine:
    :path: ".symlinks/plugins/agora_rtc_engine/ios"
  audio_session:
    :path: ".symlinks/plugins/audio_session/ios"
  audioplayers_darwin:
    :path: ".symlinks/plugins/audioplayers_darwin/ios"
  file_selector_ios:
    :path: ".symlinks/plugins/file_selector_ios/ios"
  Flutter:
    :path: Flutter
  flutter_volume_controller:
    :path: ".symlinks/plugins/flutter_volume_controller/ios"
  iris_method_channel:
    :path: ".symlinks/plugins/iris_method_channel/ios"
  media_kit_libs_ios_video:
    :path: ".symlinks/plugins/media_kit_libs_ios_video/ios"
  media_kit_native_event_loop:
    :path: ".symlinks/plugins/media_kit_native_event_loop/ios"
  media_kit_video:
    :path: ".symlinks/plugins/media_kit_video/ios"
  open_file_ios:
    :path: ".symlinks/plugins/open_file_ios/ios"
  package_info_plus:
    :path: ".symlinks/plugins/package_info_plus/ios"
  path_provider_foundation:
    :path: ".symlinks/plugins/path_provider_foundation/darwin"
  permission_handler_apple:
    :path: ".symlinks/plugins/permission_handler_apple/ios"
  rive_common:
    :path: ".symlinks/plugins/rive_common/ios"
  screen_brightness_ios:
    :path: ".symlinks/plugins/screen_brightness_ios/ios"
  shared_preferences_foundation:
    :path: ".symlinks/plugins/shared_preferences_foundation/darwin"
  tencent_cloud_chat_sdk:
    :path: ".symlinks/plugins/tencent_cloud_chat_sdk/ios"
  url_launcher_ios:
    :path: ".symlinks/plugins/url_launcher_ios/ios"
  volume_controller:
    :path: ".symlinks/plugins/volume_controller/ios"
  wakelock_plus:
    :path: ".symlinks/plugins/wakelock_plus/ios"

SPEC CHECKSUMS:
  agora_rtc_engine: 19bb9a47efa158d66d4af6c2a773db100b278496
  AgoraIrisRTC_iOS: 7710d853202eca4900c2916aefc44abd5a139d4e
  AgoraRtcEngine_iOS: f64be00fdda786bb7edd84ab461c31b7b4c93534
  audio_session: 9bb7f6c970f21241b19f5a3658097ae459681ba0
  audioplayers_darwin: ccf9c770ee768abb07e26d90af093f7bab1c12ab
  file_selector_ios: f92e583d43608aebc2e4a18daac30b8902845502
  Flutter: e0871f40cf51350855a761d2e70bf5af5b9b5de7
  flutter_volume_controller: c2be490cb0487e8b88d0d9fc2b7e1c139a4ebccb
  HydraAsync: 8d589bd725b0224f899afafc9a396327405f8063
  iris_method_channel: b9db2053dac3dc84e256c8792eff6f11323a53bd
  media_kit_libs_ios_video: 5a18affdb97d1f5d466dc79988b13eff6c5e2854
  media_kit_native_event_loop: 5fba1a849a6c87a34985f1e178a0de5bd444a0cf
  media_kit_video: 1746e198cb697d1ffb734b1d05ec429d1fcd1474
  open_file_ios: 5ff7526df64e4394b4fe207636b67a95e83078bb
  package_info_plus: af8e2ca6888548050f16fa2f1938db7b5a5df499
  path_provider_foundation: 080d55be775b7414fd5a5ef3ac137b97b097e564
  permission_handler_apple: 4ed2196e43d0651e8ff7ca3483a069d469701f2d
  rive_common: daeaa675f575d0a2ce65a2c90d4838d75327047b
  screen_brightness_ios: 28c5fbdb40634de44f86025d84470158ad4df48c
  shared_preferences_foundation: 9e1978ff2562383bd5676f64ec4e9aa8fa06a6f7
  tencent_cloud_chat_sdk: be3d54214e12ab6f16af56fb8f2ebe72e9fc8b3e
  TXIMSDK_Plus_iOS: b7bb4044ec1ec89da5ddf8945dc708b2c7ad6c6e
  url_launcher_ios: 694010445543906933d732453a59da0a173ae33d
  volume_controller: ca1cde542ee70fad77d388f82e9616488110942b
  wakelock_plus: 04623e3f525556020ebd4034310f20fe7fda8b49

PODFILE CHECKSUM: cb87426556fc580e6202578f98d9147ed01f2525

COCOAPODS: 1.16.2
