PODS:
  - agora_rtc_engine (6.5.0):
    - AgoraIrisRTC_iOS (= 4.5.0-build.1)
    - AgoraRtcEngine_iOS (= 4.5.0)
    - Flutter
  - AgoraInfra_iOS (1.2.13)
  - AgoraIrisRTC_iOS (4.5.0-build.1)
  - AgoraRtcEngine_iOS (4.5.0):
    - AgoraRtcEngine_iOS/AIAEC (= 4.5.0)
    - AgoraRtcEngine_iOS/AIAECLL (= 4.5.0)
    - AgoraRtcEngine_iOS/AINS (= 4.5.0)
    - AgoraRtcEngine_iOS/AINSLL (= 4.5.0)
    - AgoraRtcEngine_iOS/AudioBeauty (= 4.5.0)
    - AgoraRtcEngine_iOS/ClearVision (= 4.5.0)
    - AgoraRtcEngine_iOS/ContentInspect (= 4.5.0)
    - AgoraRtcEngine_iOS/FaceCapture (= 4.5.0)
    - AgoraRtcEngine_iOS/FaceDetection (= 4.5.0)
    - AgoraRtcEngine_iOS/LipSync (= 4.5.0)
    - AgoraRtcEngine_iOS/ReplayKit (= 4.5.0)
    - AgoraRtcEngine_iOS/RtcBasic (= 4.5.0)
    - AgoraRtcEngine_iOS/SpatialAudio (= 4.5.0)
    - AgoraRtcEngine_iOS/VideoAv1CodecDec (= 4.5.0)
    - AgoraRtcEngine_iOS/VideoAv1CodecEnc (= 4.5.0)
    - AgoraRtcEngine_iOS/VideoCodecDec (= 4.5.0)
    - AgoraRtcEngine_iOS/VideoCodecEnc (= 4.5.0)
    - AgoraRtcEngine_iOS/VirtualBackground (= 4.5.0)
    - AgoraRtcEngine_iOS/VQA (= 4.5.0)
  - AgoraRtcEngine_iOS/AIAEC (4.5.0)
  - AgoraRtcEngine_iOS/AIAECLL (4.5.0)
  - AgoraRtcEngine_iOS/AINS (4.5.0)
  - AgoraRtcEngine_iOS/AINSLL (4.5.0)
  - AgoraRtcEngine_iOS/AudioBeauty (4.5.0)
  - AgoraRtcEngine_iOS/ClearVision (4.5.0)
  - AgoraRtcEngine_iOS/ContentInspect (4.5.0)
  - AgoraRtcEngine_iOS/FaceCapture (4.5.0)
  - AgoraRtcEngine_iOS/FaceDetection (4.5.0)
  - AgoraRtcEngine_iOS/LipSync (4.5.0)
  - AgoraRtcEngine_iOS/ReplayKit (4.5.0)
  - AgoraRtcEngine_iOS/RtcBasic (4.5.0):
    - AgoraInfra_iOS (= 1.2.13)
  - AgoraRtcEngine_iOS/SpatialAudio (4.5.0)
  - AgoraRtcEngine_iOS/VideoAv1CodecDec (4.5.0)
  - AgoraRtcEngine_iOS/VideoAv1CodecEnc (4.5.0)
  - AgoraRtcEngine_iOS/VideoCodecDec (4.5.0)
  - AgoraRtcEngine_iOS/VideoCodecEnc (4.5.0)
  - AgoraRtcEngine_iOS/VirtualBackground (4.5.0)
  - AgoraRtcEngine_iOS/VQA (4.5.0)
  - audio_session (0.0.1):
    - Flutter
  - audioplayers_darwin (0.0.1):
    - Flutter
  - file_selector_ios (0.0.1):
    - Flutter
  - Flutter (1.0.0)
  - HydraAsync (2.0.6)
  - iris_method_channel (0.0.1):
    - Flutter
  - media_kit_libs_ios_video (1.0.4):
    - Flutter
  - media_kit_video (0.0.1):
    - Flutter
  - open_file_ios (0.0.1):
    - Flutter
  - package_info_plus (0.4.5):
    - Flutter
  - path_provider_foundation (0.0.1):
    - Flutter
    - FlutterMacOS
  - permission_handler_apple (9.3.0):
    - Flutter
  - screen_brightness_ios (0.1.0):
    - Flutter
  - shared_preferences_foundation (0.0.1):
    - Flutter
    - FlutterMacOS
  - tencent_cloud_chat_sdk (8.0.0):
    - Flutter
    - HydraAsync
    - TXIMSDK_Plus_iOS_XCFramework (= 8.4.6675)
  - TXIMSDK_Plus_iOS_XCFramework (8.4.6675)
  - volume_controller (0.0.1):
    - Flutter
  - wakelock_plus (0.0.1):
    - Flutter

DEPENDENCIES:
  - agora_rtc_engine (from `.symlinks/plugins/agora_rtc_engine/ios`)
  - audio_session (from `.symlinks/plugins/audio_session/ios`)
  - audioplayers_darwin (from `.symlinks/plugins/audioplayers_darwin/ios`)
  - file_selector_ios (from `.symlinks/plugins/file_selector_ios/ios`)
  - Flutter (from `Flutter`)
  - iris_method_channel (from `.symlinks/plugins/iris_method_channel/ios`)
  - media_kit_libs_ios_video (from `.symlinks/plugins/media_kit_libs_ios_video/ios`)
  - media_kit_video (from `.symlinks/plugins/media_kit_video/ios`)
  - open_file_ios (from `.symlinks/plugins/open_file_ios/ios`)
  - package_info_plus (from `.symlinks/plugins/package_info_plus/ios`)
  - path_provider_foundation (from `.symlinks/plugins/path_provider_foundation/darwin`)
  - permission_handler_apple (from `.symlinks/plugins/permission_handler_apple/ios`)
  - screen_brightness_ios (from `.symlinks/plugins/screen_brightness_ios/ios`)
  - shared_preferences_foundation (from `.symlinks/plugins/shared_preferences_foundation/darwin`)
  - tencent_cloud_chat_sdk (from `.symlinks/plugins/tencent_cloud_chat_sdk/ios`)
  - volume_controller (from `.symlinks/plugins/volume_controller/ios`)
  - wakelock_plus (from `.symlinks/plugins/wakelock_plus/ios`)

SPEC REPOS:
  trunk:
    - AgoraInfra_iOS
    - AgoraIrisRTC_iOS
    - AgoraRtcEngine_iOS
    - HydraAsync
    - TXIMSDK_Plus_iOS_XCFramework

EXTERNAL SOURCES:
  agora_rtc_engine:
    :path: ".symlinks/plugins/agora_rtc_engine/ios"
  audio_session:
    :path: ".symlinks/plugins/audio_session/ios"
  audioplayers_darwin:
    :path: ".symlinks/plugins/audioplayers_darwin/ios"
  file_selector_ios:
    :path: ".symlinks/plugins/file_selector_ios/ios"
  Flutter:
    :path: Flutter
  iris_method_channel:
    :path: ".symlinks/plugins/iris_method_channel/ios"
  media_kit_libs_ios_video:
    :path: ".symlinks/plugins/media_kit_libs_ios_video/ios"
  media_kit_video:
    :path: ".symlinks/plugins/media_kit_video/ios"
  open_file_ios:
    :path: ".symlinks/plugins/open_file_ios/ios"
  package_info_plus:
    :path: ".symlinks/plugins/package_info_plus/ios"
  path_provider_foundation:
    :path: ".symlinks/plugins/path_provider_foundation/darwin"
  permission_handler_apple:
    :path: ".symlinks/plugins/permission_handler_apple/ios"
  screen_brightness_ios:
    :path: ".symlinks/plugins/screen_brightness_ios/ios"
  shared_preferences_foundation:
    :path: ".symlinks/plugins/shared_preferences_foundation/darwin"
  tencent_cloud_chat_sdk:
    :path: ".symlinks/plugins/tencent_cloud_chat_sdk/ios"
  volume_controller:
    :path: ".symlinks/plugins/volume_controller/ios"
  wakelock_plus:
    :path: ".symlinks/plugins/wakelock_plus/ios"

SPEC CHECKSUMS:
  agora_rtc_engine: bc056a728ed1be8261074a4baf3487e99a6c9a9a
  AgoraInfra_iOS: 65e11a2183ab7836258768868d06058c22701b13
  AgoraIrisRTC_iOS: 8207edf56ceaae6b8ee773d8e2137c6b7cb062be
  AgoraRtcEngine_iOS: 38b5e0a49bbad5616f284e6a4f9e4f5bb3fb3b2e
  audio_session: 9bb7f6c970f21241b19f5a3658097ae459681ba0
  audioplayers_darwin: ccf9c770ee768abb07e26d90af093f7bab1c12ab
  file_selector_ios: f92e583d43608aebc2e4a18daac30b8902845502
  Flutter: e0871f40cf51350855a761d2e70bf5af5b9b5de7
  HydraAsync: 8d589bd725b0224f899afafc9a396327405f8063
  iris_method_channel: b9db2053dac3dc84e256c8792eff6f11323a53bd
  media_kit_libs_ios_video: 5a18affdb97d1f5d466dc79988b13eff6c5e2854
  media_kit_video: 1746e198cb697d1ffb734b1d05ec429d1fcd1474
  open_file_ios: 5ff7526df64e4394b4fe207636b67a95e83078bb
  package_info_plus: af8e2ca6888548050f16fa2f1938db7b5a5df499
  path_provider_foundation: 080d55be775b7414fd5a5ef3ac137b97b097e564
  permission_handler_apple: 4ed2196e43d0651e8ff7ca3483a069d469701f2d
  screen_brightness_ios: 28c5fbdb40634de44f86025d84470158ad4df48c
  shared_preferences_foundation: 9e1978ff2562383bd5676f64ec4e9aa8fa06a6f7
  tencent_cloud_chat_sdk: 965030abfe1730a9d5fb622845d368237a83a96e
  TXIMSDK_Plus_iOS_XCFramework: ce4435718ef7d893ed5c0c9cb7ddb81253db9f4c
  volume_controller: 3657a1f65bedb98fa41ff7dc5793537919f31b12
  wakelock_plus: 04623e3f525556020ebd4034310f20fe7fda8b49

PODFILE CHECKSUM: cb87426556fc580e6202578f98d9147ed01f2525

COCOAPODS: 1.16.2
